
Microsoft Visual Studio Solution File, Format Version 12.00
# Visual Studio 15
VisualStudioVersion = 15.0.28307.1433
MinimumVisualStudioVersion = 10.0.40219.1
Project("{FAE04EC0-301F-11D3-BF4B-00C04F79EFBC}") = "AlgorithmTravel", "AlgorithmTravel\AlgorithmTravel.csproj", "{FE2EBB53-FA6D-45C2-B8A8-EDA021D51832}"
EndProject
Global
	GlobalSection(SolutionConfigurationPlatforms) = preSolution
		Debug|Any CPU = Debug|Any CPU
		Release|Any CPU = Release|Any CPU
	EndGlobalSection
	GlobalSection(ProjectConfigurationPlatforms) = postSolution
		{FE2EBB53-FA6D-45C2-B8A8-EDA021D51832}.Debug|Any CPU.ActiveCfg = Debug|Any CPU
		{FE2EBB53-FA6D-45C2-B8A8-EDA021D51832}.Debug|Any CPU.Build.0 = Debug|Any CPU
		{FE2EBB53-FA6D-45C2-B8A8-EDA021D51832}.Release|Any CPU.ActiveCfg = Release|Any CPU
		{FE2EBB53-FA6D-45C2-B8A8-EDA021D51832}.Release|Any CPU.Build.0 = Release|Any CPU
	EndGlobalSection
	GlobalSection(SolutionProperties) = preSolution
		HideSolutionNode = FALSE
	EndGlobalSection
	GlobalSection(ExtensibilityGlobals) = postSolution
		SolutionGuid = {8C0475EB-CD05-4BBF-A0B8-1844587F758A}
	EndGlobalSection
EndGlobal
